<?xml version="1.0" encoding="utf-8"?>
<Project ToolsVersion="4.0" xmlns="http://schemas.microsoft.com/developer/msbuild/2003">
  <ItemGroup>
    <Filter Include="Source Files">
      <UniqueIdentifier>{4FC737F1-C7A5-4376-A066-2A32D752A2FF}</UniqueIdentifier>
      <Extensions>cpp;c;cc;cxx;def;odl;idl;hpj;bat;asm;asmx</Extensions>
    </Filter>
    <Filter Include="Header Files">
      <UniqueIdentifier>{93995380-89BD-4b04-88EB-625FBE52EBFB}</UniqueIdentifier>
      <Extensions>h;hh;hpp;hxx;hm;inl;inc;ipp;xsd</Extensions>
    </Filter>
    <Filter Include="Shaders">
      <UniqueIdentifier>{03b2ceb7-2f11-48b5-a792-cbe93eecab45}</UniqueIdentifier>
    </Filter>
    <Filter Include="Platform">
      <UniqueIdentifier>{b74bb9c3-4b24-4aef-b7af-095441897b41}</UniqueIdentifier>
    </Filter>
    <Filter Include="Platform\OpenGL">
      <UniqueIdentifier>{3e0b5898-e630-4dd0-afaf-7da6e9608a4f}</UniqueIdentifier>
    </Filter>
    <Filter Include="Resources">
      <UniqueIdentifier>{11827fc3-009f-40aa-beba-923cf1969083}</UniqueIdentifier>
    </Filter>
    <Filter Include="Platform\Windows">
      <UniqueIdentifier>{358c0c8a-d7e0-4d14-8aa4-8fe0c55a1a63}</UniqueIdentifier>
    </Filter>
    <Filter Include="LightCore">
      <UniqueIdentifier>{4b747358-9860-4fcc-b436-63b152dd8014}</UniqueIdentifier>
    </Filter>
    <Filter Include="LightCore\Core">
      <UniqueIdentifier>{4e8d28c2-39d3-44c0-b9aa-d12339e511a2}</UniqueIdentifier>
    </Filter>
    <Filter Include="LightCore\Renderer">
      <UniqueIdentifier>{9670285e-f472-40e3-b09e-3d7f5d6b1e10}</UniqueIdentifier>
    </Filter>
  </ItemGroup>
  <ItemGroup>
    <ClCompile Include="Source.cpp">
      <Filter>Source Files</Filter>
    </ClCompile>
    <ClCompile Include="C:\Users\Root\Desktop\glad\src\glad.c">
      <Filter>Source Files</Filter>
    </ClCompile>
    <ClCompile Include="Platform\Windows\Window.cpp">
      <Filter>Platform\Windows</Filter>
    </ClCompile>
    <ClCompile Include="Platform\OpenGL\OpenGLContext.cpp">
      <Filter>Platform\OpenGL</Filter>
    </ClCompile>
    <ClCompile Include="Platform\Windows\WindowsInput.cpp">
      <Filter>Platform\Windows</Filter>
    </ClCompile>
  </ItemGroup>
  <ItemGroup>
    <ClInclude Include="Shader.h">
      <Filter>Header Files</Filter>
    </ClInclude>
    <ClInclude Include="stb_image.h">
      <Filter>Header Files</Filter>
    </ClInclude>
    <ClInclude Include="Camera.h">
      <Filter>Header Files</Filter>
    </ClInclude>
    <ClInclude Include="Platform\Windows\Window.h">
      <Filter>Platform\Windows</Filter>
    </ClInclude>
    <ClInclude Include="OpenGLContext.h">
      <Filter>Platform\OpenGL</Filter>
    </ClInclude>
    <ClInclude Include="LightCore\Renderer\GraphicsContext.h">
      <Filter>LightCore\Renderer</Filter>
    </ClInclude>
    <ClInclude Include="Platform\Windows\WindowsInput.h">
      <Filter>Platform\Windows</Filter>
    </ClInclude>
    <ClInclude Include="LightCore\Core\Input.h">
      <Filter>LightCore\Core</Filter>
    </ClInclude>
  </ItemGroup>
  <ItemGroup>
    <None Include="Shaders\lightShader.frag">
      <Filter>Shaders</Filter>
    </None>
    <None Include="Shaders\lightShader.vert">
      <Filter>Shaders</Filter>
    </None>
    <None Include="Shaders\shader.frag">
      <Filter>Shaders</Filter>
    </None>
    <None Include="Shaders\shader.vert">
      <Filter>Shaders</Filter>
    </None>
  </ItemGroup>
  <ItemGroup>
    <Image Include="Resources\wall.jpg">
      <Filter>Resources</Filter>
    </Image>
    <Image Include="Resources\container.jpg">
      <Filter>Resources</Filter>
    </Image>
    <Image Include="Resources\container2.png">
      <Filter>Resources</Filter>
    </Image>
    <Image Include="Resources\container2_specular.png">
      <Filter>Resources</Filter>
    </Image>
    <Image Include="Resources\matrix.jpg">
      <Filter>Resources</Filter>
    </Image>
  </ItemGroup>
</Project>